
Microsoft Visual Studio Solution File, Format Version 12.00
# Visual Studio 15
VisualStudioVersion = 15.0.27004.2006
MinimumVisualStudioVersion = 10.0.40219.1
Project("{FAE04EC0-301F-11D3-BF4B-00C04F79EFBC}") = "ZXing2.Android", "ZXing2\ZXing2.Android\ZXing2.Android.csproj", "{6B542DCA-6410-40DA-8AFE-349AB78CBB96}"
EndProject
Project("{FAE04EC0-301F-11D3-BF4B-00C04F79EFBC}") = "ZXing2", "ZXing2\ZXing2\ZXing2.csproj", "{E0E3D001-B976-4C3E-A95D-C97208FD0A80}"
EndProject
Project("{FAE04EC0-301F-11D3-BF4B-00C04F79EFBC}") = "ZXing2.iOS", "ZXing2\ZXing2.iOS\ZXing2.iOS.csproj", "{A6C7C19B-7611-4AD2-B720-DFF5D8829882}"
EndProject
Global
	GlobalSection(SolutionConfigurationPlatforms) = preSolution
		Ad-Hoc|Any CPU = Ad-Hoc|Any CPU
		Ad-Hoc|iPhone = Ad-Hoc|iPhone
		Ad-Hoc|iPhoneSimulator = Ad-Hoc|iPhoneSimulator
		AppStore|Any CPU = AppStore|Any CPU
		AppStore|iPhone = AppStore|iPhone
		AppStore|iPhoneSimulator = AppStore|iPhoneSimulator
		Debug|Any CPU = Debug|Any CPU
		Debug|iPhone = Debug|iPhone
		Debug|iPhoneSimulator = Debug|iPhoneSimulator
		Release|Any CPU = Release|Any CPU
		Release|iPhone = Release|iPhone
		Release|iPhoneSimulator = Release|iPhoneSimulator
	EndGlobalSection
	GlobalSection(ProjectConfigurationPlatforms) = postSolution
		{6B542DCA-6410-40DA-8AFE-349AB78CBB96}.Ad-Hoc|Any CPU.ActiveCfg = Release|Any CPU
		{6B542DCA-6410-40DA-8AFE-349AB78CBB96}.Ad-Hoc|Any CPU.Build.0 = Release|Any CPU
		{6B542DCA-6410-40DA-8AFE-349AB78CBB96}.Ad-Hoc|Any CPU.Deploy.0 = Release|Any CPU
		{6B542DCA-6410-40DA-8AFE-349AB78CBB96}.Ad-Hoc|iPhone.ActiveCfg = Release|Any CPU
		{6B542DCA-6410-40DA-8AFE-349AB78CBB96}.Ad-Hoc|iPhone.Build.0 = Release|Any CPU
		{6B542DCA-6410-40DA-8AFE-349AB78CBB96}.Ad-Hoc|iPhone.Deploy.0 = Release|Any CPU
		{6B542DCA-6410-40DA-8AFE-349AB78CBB96}.Ad-Hoc|iPhoneSimulator.ActiveCfg = Release|Any CPU
		{6B542DCA-6410-40DA-8AFE-349AB78CBB96}.Ad-Hoc|iPhoneSimulator.Build.0 = Release|Any CPU
		{6B542DCA-6410-40DA-8AFE-349AB78CBB96}.Ad-Hoc|iPhoneSimulator.Deploy.0 = Release|Any CPU
		{6B542DCA-6410-40DA-8AFE-349AB78CBB96}.AppStore|Any CPU.ActiveCfg = Release|Any CPU
		{6B542DCA-6410-40DA-8AFE-349AB78CBB96}.AppStore|Any CPU.Build.0 = Release|Any CPU
		{6B542DCA-6410-40DA-8AFE-349AB78CBB96}.AppStore|Any CPU.Deploy.0 = Release|Any CPU
		{6B542DCA-6410-40DA-8AFE-349AB78CBB96}.AppStore|iPhone.ActiveCfg = Release|Any CPU
		{6B542DCA-6410-40DA-8AFE-349AB78CBB96}.AppStore|iPhone.Build.0 = Release|Any CPU
		{6B542DCA-6410-40DA-8AFE-349AB78CBB96}.AppStore|iPhone.Deploy.0 = Release|Any CPU
		{6B542DCA-6410-40DA-8AFE-349AB78CBB96}.AppStore|iPhoneSimulator.ActiveCfg = Release|Any CPU
		{6B542DCA-6410-40DA-8AFE-349AB78CBB96}.AppStore|iPhoneSimulator.Build.0 = Release|Any CPU
		{6B542DCA-6410-40DA-8AFE-349AB78CBB96}.AppStore|iPhoneSimulator.Deploy.0 = Release|Any CPU
		{6B542DCA-6410-40DA-8AFE-349AB78CBB96}.Debug|Any CPU.ActiveCfg = Debug|Any CPU
		{6B542DCA-6410-40DA-8AFE-349AB78CBB96}.Debug|Any CPU.Build.0 = Debug|Any CPU
		{6B542DCA-6410-40DA-8AFE-349AB78CBB96}.Debug|Any CPU.Deploy.0 = Debug|Any CPU
		{6B542DCA-6410-40DA-8AFE-349AB78CBB96}.Debug|iPhone.ActiveCfg = Debug|Any CPU
		{6B542DCA-6410-40DA-8AFE-349AB78CBB96}.Debug|iPhone.Build.0 = Debug|Any CPU
		{6B542DCA-6410-40DA-8AFE-349AB78CBB96}.Debug|iPhone.Deploy.0 = Debug|Any CPU
		{6B542DCA-6410-40DA-8AFE-349AB78CBB96}.Debug|iPhoneSimulator.ActiveCfg = Debug|Any CPU
		{6B542DCA-6410-40DA-8AFE-349AB78CBB96}.Debug|iPhoneSimulator.Build.0 = Debug|Any CPU
		{6B542DCA-6410-40DA-8AFE-349AB78CBB96}.Debug|iPhoneSimulator.Deploy.0 = Debug|Any CPU
		{6B542DCA-6410-40DA-8AFE-349AB78CBB96}.Release|Any CPU.ActiveCfg = Release|Any CPU
		{6B542DCA-6410-40DA-8AFE-349AB78CBB96}.Release|Any CPU.Build.0 = Release|Any CPU
		{6B542DCA-6410-40DA-8AFE-349AB78CBB96}.Release|Any CPU.Deploy.0 = Release|Any CPU
		{6B542DCA-6410-40DA-8AFE-349AB78CBB96}.Release|iPhone.ActiveCfg = Release|Any CPU
		{6B542DCA-6410-40DA-8AFE-349AB78CBB96}.Release|iPhone.Build.0 = Release|Any CPU
		{6B542DCA-6410-40DA-8AFE-349AB78CBB96}.Release|iPhone.Deploy.0 = Release|Any CPU
		{6B542DCA-6410-40DA-8AFE-349AB78CBB96}.Release|iPhoneSimulator.ActiveCfg = Release|Any CPU
		{6B542DCA-6410-40DA-8AFE-349AB78CBB96}.Release|iPhoneSimulator.Build.0 = Release|Any CPU
		{6B542DCA-6410-40DA-8AFE-349AB78CBB96}.Release|iPhoneSimulator.Deploy.0 = Release|Any CPU
		{E0E3D001-B976-4C3E-A95D-C97208FD0A80}.Ad-Hoc|Any CPU.ActiveCfg = Release|Any CPU
		{E0E3D001-B976-4C3E-A95D-C97208FD0A80}.Ad-Hoc|Any CPU.Build.0 = Release|Any CPU
		{E0E3D001-B976-4C3E-A95D-C97208FD0A80}.Ad-Hoc|iPhone.ActiveCfg = Release|Any CPU
		{E0E3D001-B976-4C3E-A95D-C97208FD0A80}.Ad-Hoc|iPhone.Build.0 = Release|Any CPU
		{E0E3D001-B976-4C3E-A95D-C97208FD0A80}.Ad-Hoc|iPhoneSimulator.ActiveCfg = Release|Any CPU
		{E0E3D001-B976-4C3E-A95D-C97208FD0A80}.Ad-Hoc|iPhoneSimulator.Build.0 = Release|Any CPU
		{E0E3D001-B976-4C3E-A95D-C97208FD0A80}.AppStore|Any CPU.ActiveCfg = Release|Any CPU
		{E0E3D001-B976-4C3E-A95D-C97208FD0A80}.AppStore|Any CPU.Build.0 = Release|Any CPU
		{E0E3D001-B976-4C3E-A95D-C97208FD0A80}.AppStore|iPhone.ActiveCfg = Release|Any CPU
		{E0E3D001-B976-4C3E-A95D-C97208FD0A80}.AppStore|iPhone.Build.0 = Release|Any CPU
		{E0E3D001-B976-4C3E-A95D-C97208FD0A80}.AppStore|iPhoneSimulator.ActiveCfg = Release|Any CPU
		{E0E3D001-B976-4C3E-A95D-C97208FD0A80}.AppStore|iPhoneSimulator.Build.0 = Release|Any CPU
		{E0E3D001-B976-4C3E-A95D-C97208FD0A80}.Debug|Any CPU.ActiveCfg = Debug|Any CPU
		{E0E3D001-B976-4C3E-A95D-C97208FD0A80}.Debug|Any CPU.Build.0 = Debug|Any CPU
		{E0E3D001-B976-4C3E-A95D-C97208FD0A80}.Debug|iPhone.ActiveCfg = Debug|Any CPU
		{E0E3D001-B976-4C3E-A95D-C97208FD0A80}.Debug|iPhone.Build.0 = Debug|Any CPU
		{E0E3D001-B976-4C3E-A95D-C97208FD0A80}.Debug|iPhoneSimulator.ActiveCfg = Debug|Any CPU
		{E0E3D001-B976-4C3E-A95D-C97208FD0A80}.Debug|iPhoneSimulator.Build.0 = Debug|Any CPU
		{E0E3D001-B976-4C3E-A95D-C97208FD0A80}.Release|Any CPU.ActiveCfg = Release|Any CPU
		{E0E3D001-B976-4C3E-A95D-C97208FD0A80}.Release|Any CPU.Build.0 = Release|Any CPU
		{E0E3D001-B976-4C3E-A95D-C97208FD0A80}.Release|iPhone.ActiveCfg = Release|Any CPU
		{E0E3D001-B976-4C3E-A95D-C97208FD0A80}.Release|iPhone.Build.0 = Release|Any CPU
		{E0E3D001-B976-4C3E-A95D-C97208FD0A80}.Release|iPhoneSimulator.ActiveCfg = Release|Any CPU
		{E0E3D001-B976-4C3E-A95D-C97208FD0A80}.Release|iPhoneSimulator.Build.0 = Release|Any CPU
		{A6C7C19B-7611-4AD2-B720-DFF5D8829882}.Ad-Hoc|Any CPU.ActiveCfg = Ad-Hoc|iPhoneSimulator
		{A6C7C19B-7611-4AD2-B720-DFF5D8829882}.Ad-Hoc|iPhone.ActiveCfg = Ad-Hoc|iPhone
		{A6C7C19B-7611-4AD2-B720-DFF5D8829882}.Ad-Hoc|iPhone.Build.0 = Ad-Hoc|iPhone
		{A6C7C19B-7611-4AD2-B720-DFF5D8829882}.Ad-Hoc|iPhoneSimulator.ActiveCfg = Ad-Hoc|iPhoneSimulator
		{A6C7C19B-7611-4AD2-B720-DFF5D8829882}.Ad-Hoc|iPhoneSimulator.Build.0 = Ad-Hoc|iPhoneSimulator
		{A6C7C19B-7611-4AD2-B720-DFF5D8829882}.AppStore|Any CPU.ActiveCfg = AppStore|iPhoneSimulator
		{A6C7C19B-7611-4AD2-B720-DFF5D8829882}.AppStore|iPhone.ActiveCfg = AppStore|iPhone
		{A6C7C19B-7611-4AD2-B720-DFF5D8829882}.AppStore|iPhone.Build.0 = AppStore|iPhone
		{A6C7C19B-7611-4AD2-B720-DFF5D8829882}.AppStore|iPhoneSimulator.ActiveCfg = AppStore|iPhoneSimulator
		{A6C7C19B-7611-4AD2-B720-DFF5D8829882}.AppStore|iPhoneSimulator.Build.0 = AppStore|iPhoneSimulator
		{A6C7C19B-7611-4AD2-B720-DFF5D8829882}.Debug|Any CPU.ActiveCfg = Debug|iPhoneSimulator
		{A6C7C19B-7611-4AD2-B720-DFF5D8829882}.Debug|iPhone.ActiveCfg = Debug|iPhone
		{A6C7C19B-7611-4AD2-B720-DFF5D8829882}.Debug|iPhone.Build.0 = Debug|iPhone
		{A6C7C19B-7611-4AD2-B720-DFF5D8829882}.Debug|iPhoneSimulator.ActiveCfg = Debug|iPhoneSimulator
		{A6C7C19B-7611-4AD2-B720-DFF5D8829882}.Debug|iPhoneSimulator.Build.0 = Debug|iPhoneSimulator
		{A6C7C19B-7611-4AD2-B720-DFF5D8829882}.Release|Any CPU.ActiveCfg = Release|iPhoneSimulator
		{A6C7C19B-7611-4AD2-B720-DFF5D8829882}.Release|iPhone.ActiveCfg = Release|iPhone
		{A6C7C19B-7611-4AD2-B720-DFF5D8829882}.Release|iPhone.Build.0 = Release|iPhone
		{A6C7C19B-7611-4AD2-B720-DFF5D8829882}.Release|iPhoneSimulator.ActiveCfg = Release|iPhoneSimulator
		{A6C7C19B-7611-4AD2-B720-DFF5D8829882}.Release|iPhoneSimulator.Build.0 = Release|iPhoneSimulator
	EndGlobalSection
	GlobalSection(SolutionProperties) = preSolution
		HideSolutionNode = FALSE
	EndGlobalSection
	GlobalSection(ExtensibilityGlobals) = postSolution
		SolutionGuid = {2798D810-48BD-4A7B-8D60-AB7C696CEA1F}
	EndGlobalSection
EndGlobal
